
Microsoft Visual Studio Solution File, Format Version 12.00
# Visual Studio Version 17
VisualStudioVersion = 17.14.36616.10 d17.14
MinimumVisualStudioVersion = 10.0.40219.1
Project("{FAE04EC0-301F-11D3-BF4B-00C04F79EFBC}") = "AttendanceSystem", "AttendanceSystem\AttendanceSystem.csproj", "{15752E16-CF3C-4CBC-91AD-E803E6618412}"
EndProject
Global
	GlobalSection(SolutionConfigurationPlatforms) = preSolution
		Debug|Any CPU = Debug|Any CPU
		Release|Any CPU = Release|Any CPU
	EndGlobalSection
	GlobalSection(ProjectConfigurationPlatforms) = postSolution
		{15752E16-CF3C-4CBC-91AD-E803E6618412}.Debug|Any CPU.ActiveCfg = Debug|Any CPU
		{15752E16-CF3C-4CBC-91AD-E803E6618412}.Debug|Any CPU.Build.0 = Debug|Any CPU
		{15752E16-CF3C-4CBC-91AD-E803E6618412}.Release|Any CPU.ActiveCfg = Release|Any CPU
		{15752E16-CF3C-4CBC-91AD-E803E6618412}.Release|Any CPU.Build.0 = Release|Any CPU
	EndGlobalSection
	GlobalSection(SolutionProperties) = preSolution
		HideSolutionNode = FALSE
	EndGlobalSection
	GlobalSection(ExtensibilityGlobals) = postSolution
		SolutionGuid = {17448593-8957-495B-B03D-D11F7531DCCA}
	EndGlobalSection
EndGlobal
